
Microsoft Visual Studio Solution File, Format Version 12.00
# Visual Studio 15
VisualStudioVersion = 15.0.28010.2003
MinimumVisualStudioVersion = 10.0.40219.1
Project("{FAE04EC0-301F-11D3-BF4B-00C04F79EFBC}") = "CodeReviewTheGame", "CodeReviewTheGame\CodeReviewTheGame.csproj", "{966CC653-1E0F-42A2-BAC3-631FCF70C91F}"
EndProject
Global
	GlobalSection(SolutionConfigurationPlatforms) = preSolution
		Debug|ARM = Debug|ARM
		Debug|x64 = Debug|x64
		Debug|x86 = Debug|x86
		Release|ARM = Release|ARM
		Release|x64 = Release|x64
		Release|x86 = Release|x86
	EndGlobalSection
	GlobalSection(ProjectConfigurationPlatforms) = postSolution
		{966CC653-1E0F-42A2-BAC3-631FCF70C91F}.Debug|ARM.ActiveCfg = Debug|ARM
		{966CC653-1E0F-42A2-BAC3-631FCF70C91F}.Debug|ARM.Build.0 = Debug|ARM
		{966CC653-1E0F-42A2-BAC3-631FCF70C91F}.Debug|ARM.Deploy.0 = Debug|ARM
		{966CC653-1E0F-42A2-BAC3-631FCF70C91F}.Debug|x64.ActiveCfg = Debug|x64
		{966CC653-1E0F-42A2-BAC3-631FCF70C91F}.Debug|x64.Build.0 = Debug|x64
		{966CC653-1E0F-42A2-BAC3-631FCF70C91F}.Debug|x64.Deploy.0 = Debug|x64
		{966CC653-1E0F-42A2-BAC3-631FCF70C91F}.Debug|x86.ActiveCfg = Debug|x86
		{966CC653-1E0F-42A2-BAC3-631FCF70C91F}.Debug|x86.Build.0 = Debug|x86
		{966CC653-1E0F-42A2-BAC3-631FCF70C91F}.Debug|x86.Deploy.0 = Debug|x86
		{966CC653-1E0F-42A2-BAC3-631FCF70C91F}.Release|ARM.ActiveCfg = Release|ARM
		{966CC653-1E0F-42A2-BAC3-631FCF70C91F}.Release|ARM.Build.0 = Release|ARM
		{966CC653-1E0F-42A2-BAC3-631FCF70C91F}.Release|ARM.Deploy.0 = Release|ARM
		{966CC653-1E0F-42A2-BAC3-631FCF70C91F}.Release|x64.ActiveCfg = Release|x64
		{966CC653-1E0F-42A2-BAC3-631FCF70C91F}.Release|x64.Build.0 = Release|x64
		{966CC653-1E0F-42A2-BAC3-631FCF70C91F}.Release|x64.Deploy.0 = Release|x64
		{966CC653-1E0F-42A2-BAC3-631FCF70C91F}.Release|x86.ActiveCfg = Release|x86
		{966CC653-1E0F-42A2-BAC3-631FCF70C91F}.Release|x86.Build.0 = Release|x86
		{966CC653-1E0F-42A2-BAC3-631FCF70C91F}.Release|x86.Deploy.0 = Release|x86
	EndGlobalSection
	GlobalSection(SolutionProperties) = preSolution
		HideSolutionNode = FALSE
	EndGlobalSection
	GlobalSection(ExtensibilityGlobals) = postSolution
		SolutionGuid = {D202D53B-B7D5-4FDD-8679-FB59ADAEDC7A}
	EndGlobalSection
EndGlobal
